
Microsoft Visual Studio Solution File, Format Version 12.00
# Visual Studio Version 16
VisualStudioVersion = 16.0.30804.86
MinimumVisualStudioVersion = 10.0.40219.1
Project("{2150E333-8FDC-42A3-9474-1A3956D46DE8}") = "00.Common", "00.Common", "{38BB7371-58AE-4F9D-A76D-1169861E833B}"
EndProject
Project("{9A19103F-16F7-4668-BE54-9A1E7A4F7556}") = "Hzdtf.Mini", "Common\Hzdtf.Mini\Hzdtf.Mini.csproj", "{F8F30B69-587D-410F-9F5B-CF87410B08B1}"
EndProject
Project("{9A19103F-16F7-4668-BE54-9A1E7A4F7556}") = "Hzdtf.Utility", "Common\Hzdtf.Utility\Hzdtf.Utility.csproj", "{E46BCC70-AEAE-4A95-90AB-E6A0DCF1323E}"
EndProject
Project("{2150E333-8FDC-42A3-9474-1A3956D46DE8}") = "02.Logger", "02.Logger", "{B245DA0D-C3EC-4BE2-81C3-23BF955D5446}"
EndProject
Project("{9A19103F-16F7-4668-BE54-9A1E7A4F7556}") = "Hzdtf.Logger.Contract", "Logger\Hzdtf.Logger.Contract\Hzdtf.Logger.Contract.csproj", "{9B3AF2AB-C0F5-499D-A1C7-91CE84C21F81}"
EndProject
Project("{9A19103F-16F7-4668-BE54-9A1E7A4F7556}") = "Hzdtf.Logger.Integration.ENLog", "Logger\Hzdtf.Logger.Integration.ENLog\Hzdtf.Logger.Integration.ENLog.csproj", "{40EB9121-DF09-4709-9FBD-E394469BE242}"
EndProject
Project("{9A19103F-16F7-4668-BE54-9A1E7A4F7556}") = "Hzdtf.Logger.Integration.MicrosoftLog", "Logger\Hzdtf.Logger.Integration.MicrosoftLog\Hzdtf.Logger.Integration.MicrosoftLog.csproj", "{D676E750-E036-472B-BA1E-941E4D6F0C19}"
EndProject
Project("{9A19103F-16F7-4668-BE54-9A1E7A4F7556}") = "Hzdtf.Logger.Exceptionless", "Logger\Hzdtf.Logger.Exceptionless\Hzdtf.Logger.Exceptionless.csproj", "{13B5F479-8970-4DF4-9141-C3FA01F634AD}"
EndProject
Project("{2150E333-8FDC-42A3-9474-1A3956D46DE8}") = "03.IOC", "03.IOC", "{80D636CC-2223-49C9-8CEE-BBA1C3AF48C5}"
EndProject
Project("{9A19103F-16F7-4668-BE54-9A1E7A4F7556}") = "Hzdtf.Autofac.Extensions", "IOC\Hzdtf.Autofac.Extensions\Hzdtf.Autofac.Extensions.csproj", "{84BECC6F-0FB8-419F-AAEB-30F8083CD565}"
EndProject
Project("{2150E333-8FDC-42A3-9474-1A3956D46DE8}") = "04.Cache", "04.Cache", "{E86F5EC0-B0B2-41BD-9D2F-E233A3E6D57A}"
EndProject
Project("{9A19103F-16F7-4668-BE54-9A1E7A4F7556}") = "Hzdtf.Redis.Extensions", "Cache\Hzdtf.Redis.Extensions\Hzdtf.Redis.Extensions.csproj", "{1E41F314-047D-4C24-9BC6-7DC8CB1CADAA}"
EndProject
Project("{9A19103F-16F7-4668-BE54-9A1E7A4F7556}") = "Hzdtf.Redis.Integration.MicrosoftCache", "Cache\Hzdtf.Redis.Integration.MicrosoftCache\Hzdtf.Redis.Integration.MicrosoftCache.csproj", "{2643EE44-085D-4933-9B62-1D1E79FADFEF}"
EndProject
Project("{2150E333-8FDC-42A3-9474-1A3956D46DE8}") = "05.Polly", "05.Polly", "{E5E7FC98-B5A1-48BD-8DD4-33E45121AA15}"
EndProject
Project("{9A19103F-16F7-4668-BE54-9A1E7A4F7556}") = "Hzdtf.Polly.Extensions", "Polly\Hzdtf.Polly.Extensions\Hzdtf.Polly.Extensions.csproj", "{6E782CDE-6072-48A2-ACA5-57FC8546D1BE}"
EndProject
Project("{9A19103F-16F7-4668-BE54-9A1E7A4F7556}") = "Hzdtf.Polly.AspNet.Extensions", "Polly\Hzdtf.Polly.AspNet.Extensions\Hzdtf.Polly.AspNet.Extensions.csproj", "{693F1855-20D9-4A7F-AA97-78FC33528EB2}"
EndProject
Project("{2150E333-8FDC-42A3-9474-1A3956D46DE8}") = "06.AUC", "06.AUC", "{4CEC60AC-F91D-4F92-8F84-834345C15707}"
EndProject
Project("{9A19103F-16F7-4668-BE54-9A1E7A4F7556}") = "Hzdtf.AUC.Contract", "AUC\Hzdtf.AUC.Contract\Hzdtf.AUC.Contract.csproj", "{A543B01F-1463-4666-ABBC-0021F7C630F3}"
EndProject
Project("{9A19103F-16F7-4668-BE54-9A1E7A4F7556}") = "Hzdtf.AUC.AspNet", "AUC\Hzdtf.AUC.AspNet\Hzdtf.AUC.AspNet.csproj", "{8366120A-3B19-460B-B484-A7E1F04C15F6}"
EndProject
Project("{9A19103F-16F7-4668-BE54-9A1E7A4F7556}") = "Hzdtf.Utility.AspNet", "Common\Hzdtf.Utility.AspNet\Hzdtf.Utility.AspNet.csproj", "{74B4DB1E-2837-43D4-BADD-A8EC0CEC6F38}"
EndProject
Project("{2150E333-8FDC-42A3-9474-1A3956D46DE8}") = "07.Tool", "07.Tool", "{DD51DB39-9BF8-451F-A693-650A22894AE2}"
EndProject
Project("{2150E333-8FDC-42A3-9474-1A3956D46DE8}") = "00.EncryptionAndDecryption", "00.EncryptionAndDecryption", "{52A1F51A-4731-422E-A690-6CC0E6B64435}"
EndProject
Project("{2150E333-8FDC-42A3-9474-1A3956D46DE8}") = "01.CodeGenerator", "01.CodeGenerator", "{E90104A9-55ED-47E8-9366-88E8323071CA}"
EndProject
Project("{9A19103F-16F7-4668-BE54-9A1E7A4F7556}") = "Hzdtf.CodeGenerator.Contract", "Tool\CodeGenerator\Hzdtf.CodeGenerator.Contract\Hzdtf.CodeGenerator.Contract.csproj", "{31E6C7A6-D6C0-48C5-A333-5C512F992D03}"
EndProject
Project("{9A19103F-16F7-4668-BE54-9A1E7A4F7556}") = "Hzdtf.EncryptionAndDecryption", "Tool\EncryptionAndDecryption\Hzdtf.EncryptionAndDecryption\Hzdtf.EncryptionAndDecryption.csproj", "{1296A7BB-3830-4B3D-A64A-1E652AE0ED59}"
EndProject
Project("{9A19103F-16F7-4668-BE54-9A1E7A4F7556}") = "Hzdtf.CodeGenerator.Model", "Tool\CodeGenerator\Hzdtf.CodeGenerator.Model\Hzdtf.CodeGenerator.Model.csproj", "{5D2454E5-C836-4851-813A-FCBF8B6D8B2A}"
EndProject
Project("{9A19103F-16F7-4668-BE54-9A1E7A4F7556}") = "Hzdtf.CodeGenerator.Persistence.Contract", "Tool\CodeGenerator\Hzdtf.CodeGenerator.Persistence.Contract\Hzdtf.CodeGenerator.Persistence.Contract.csproj", "{7517C12D-439A-4DEA-94DF-52E069874DEE}"
EndProject
Project("{9A19103F-16F7-4668-BE54-9A1E7A4F7556}") = "Hzdtf.CodeGenerator.MySql", "Tool\CodeGenerator\Hzdtf.CodeGenerator.MySql\Hzdtf.CodeGenerator.MySql.csproj", "{07D3E6A4-10CA-4710-BF95-5BDFEE7D40C6}"
EndProject
Project("{9A19103F-16F7-4668-BE54-9A1E7A4F7556}") = "Hzdtf.CodeGenerator.SqlServer", "Tool\CodeGenerator\Hzdtf.CodeGenerator.SqlServer\Hzdtf.CodeGenerator.SqlServer.csproj", "{38F9314A-18CF-42B3-8BEC-D5A79D5B2936}"
EndProject
Project("{9A19103F-16F7-4668-BE54-9A1E7A4F7556}") = "Hzdtf.CodeGenerator", "Tool\CodeGenerator\Hzdtf.CodeGenerator\Hzdtf.CodeGenerator.csproj", "{DFA25CB6-FDC1-4AC5-863A-83458B0C5988}"
EndProject
Project("{9A19103F-16F7-4668-BE54-9A1E7A4F7556}") = "Hzdtf.CodeGenerator.Impl", "Tool\CodeGenerator\Hzdtf.CodeGenerator.Impl\Hzdtf.CodeGenerator.Impl.csproj", "{8BC91E6D-9A18-4E42-8127-C7BADD2DDDE3}"
EndProject
Project("{2150E333-8FDC-42A3-9474-1A3956D46DE8}") = "21.Persistence", "21.Persistence", "{CE674F4B-5C29-4DC6-9DE8-6BAFBBEB6F71}"
EndProject
Project("{9A19103F-16F7-4668-BE54-9A1E7A4F7556}") = "Hzdtf.Persistence.Contract", "Persistence\Hzdtf.Persistence.Contract\Hzdtf.Persistence.Contract.csproj", "{C3ECF32C-BBFC-403B-9DB6-27E875CE7FCC}"
EndProject
Project("{9A19103F-16F7-4668-BE54-9A1E7A4F7556}") = "Hzdtf.Persistence.Autofac", "Persistence\Hzdtf.Persistence.Autofac\Hzdtf.Persistence.Autofac.csproj", "{E7040EC7-D1B3-4709-A713-8FEBEB7627A6}"
EndProject
Project("{9A19103F-16F7-4668-BE54-9A1E7A4F7556}") = "Hzdtf.Persistence.Dapper", "Persistence\Hzdtf.Persistence.Dapper\Hzdtf.Persistence.Dapper.csproj", "{07BBD27C-9DE8-4048-ACD5-9EF1994E9175}"
EndProject
Project("{9A19103F-16F7-4668-BE54-9A1E7A4F7556}") = "Hzdtf.SqlServer", "Persistence\Hzdtf.SqlServer\Hzdtf.SqlServer.csproj", "{E2764511-F0C2-4F2E-9068-1AF82C914427}"
EndProject
Project("{9A19103F-16F7-4668-BE54-9A1E7A4F7556}") = "Hzdtf.MySql", "Persistence\Hzdtf.MySql\Hzdtf.MySql.csproj", "{B5702380-466C-473A-BB3A-8A49751DB8F3}"
EndProject
Project("{2150E333-8FDC-42A3-9474-1A3956D46DE8}") = "22.Service", "22.Service", "{697CC0AF-E13F-4DC3-A6F3-EF562EC53AE6}"
EndProject
Project("{9A19103F-16F7-4668-BE54-9A1E7A4F7556}") = "Hzdtf.Service.Contract", "Service\Hzdtf.Service.Contract\Hzdtf.Service.Contract.csproj", "{C1EB140C-1A27-413E-898B-56F9CC9A169E}"
EndProject
Project("{9A19103F-16F7-4668-BE54-9A1E7A4F7556}") = "Hzdtf.Service.Impl", "Service\Hzdtf.Service.Impl\Hzdtf.Service.Impl.csproj", "{0BD76F41-EC66-40CB-B094-69675B411118}"
EndProject
Project("{2150E333-8FDC-42A3-9474-1A3956D46DE8}") = "23.Controller", "23.Controller", "{1099F6B4-E5AE-4444-BC58-72FB31819C0C}"
EndProject
Project("{9A19103F-16F7-4668-BE54-9A1E7A4F7556}") = "Hzdtf.BasicController", "Controller\Hzdtf.BasicController\Hzdtf.BasicController.csproj", "{49758CE6-E77D-4EDA-9A82-72978111F4AD}"
EndProject
Project("{2150E333-8FDC-42A3-9474-1A3956D46DE8}") = "50.Example", "50.Example", "{A48946A9-B147-44ED-8358-B39FBBD783C7}"
EndProject
Project("{2150E333-8FDC-42A3-9474-1A3956D46DE8}") = "00.BasicFunction", "00.BasicFunction", "{5941215B-0F76-48AD-90C3-CBAA1E6FE9BF}"
EndProject
Project("{9A19103F-16F7-4668-BE54-9A1E7A4F7556}") = "Hzdtf.BasicFunction.Model", "Example\BasicFunction\Hzdtf.BasicFunction.Model\Hzdtf.BasicFunction.Model.csproj", "{A5563148-4B92-497B-B05C-0B791F1F5589}"
EndProject
Project("{9A19103F-16F7-4668-BE54-9A1E7A4F7556}") = "Hzdtf.BasicFunction.Persistence.Contract", "Example\BasicFunction\Hzdtf.BasicFunction.Persistence.Contract\Hzdtf.BasicFunction.Persistence.Contract.csproj", "{E998FBE2-202C-41F0-B4A9-E17B336D52C5}"
EndProject
Project("{9A19103F-16F7-4668-BE54-9A1E7A4F7556}") = "Hzdtf.BasicFunction.Service.Contract", "Example\BasicFunction\Hzdtf.BasicFunction.Service.Contract\Hzdtf.BasicFunction.Service.Contract.csproj", "{7ABE2B82-C98B-4651-AF6C-42C4D87E1533}"
EndProject
Project("{9A19103F-16F7-4668-BE54-9A1E7A4F7556}") = "Hzdtf.BasicFunction.Service.Impl", "Example\BasicFunction\Hzdtf.BasicFunction.Service.Impl\Hzdtf.BasicFunction.Service.Impl.csproj", "{B013E08F-C465-4BCE-9BC4-7D25EBCD639B}"
EndProject
Project("{9A19103F-16F7-4668-BE54-9A1E7A4F7556}") = "Hzdtf.BasicFunction.MySql", "Example\BasicFunction\Hzdtf.BasicFunction.MySql\Hzdtf.BasicFunction.MySql.csproj", "{EB00B1C2-ADB3-4C21-921B-BE9009E05F87}"
EndProject
Project("{2150E333-8FDC-42A3-9474-1A3956D46DE8}") = "01.Model", "01.Model", "{01D40D80-F6DE-413B-BA02-140A955C7BC9}"
EndProject
Project("{2150E333-8FDC-42A3-9474-1A3956D46DE8}") = "02.Persistence", "02.Persistence", "{E6FE13FB-9F07-4C19-951D-57A5161FAA0E}"
EndProject
Project("{2150E333-8FDC-42A3-9474-1A3956D46DE8}") = "03.Service", "03.Service", "{84E7D8DA-6AEA-4385-B7BB-324506109838}"
EndProject
Project("{2150E333-8FDC-42A3-9474-1A3956D46DE8}") = "04.Controller", "04.Controller", "{FCC2A04D-255D-49D3-B0BB-0234D636ECCC}"
EndProject
Project("{9A19103F-16F7-4668-BE54-9A1E7A4F7556}") = "Hzdtf.BasicFunction.Controller", "Example\BasicFunction\Hzdtf.BasicFunction.Controller\Hzdtf.BasicFunction.Controller.csproj", "{01F6873E-B18A-45E9-97C6-C42D9410E744}"
EndProject
Project("{2150E333-8FDC-42A3-9474-1A3956D46DE8}") = "99.Application", "99.Application", "{2FF3E9C1-6E95-47BA-B8BF-4C372F638981}"
EndProject
Project("{9A19103F-16F7-4668-BE54-9A1E7A4F7556}") = "Hzdtf.Example.WebApp", "Example\Application\Hzdtf.Example.WebApp\Hzdtf.Example.WebApp.csproj", "{98EE2E27-5E4D-4C09-ACE9-B640790BBCE6}"
EndProject
Project("{9A19103F-16F7-4668-BE54-9A1E7A4F7556}") = "Hzdtf.Example.MySql", "Example\Application\Hzdtf.Example.MySql\Hzdtf.Example.MySql.csproj", "{4F341476-BE4B-4170-A2E7-EBF80AAAF37C}"
EndProject
Project("{9A19103F-16F7-4668-BE54-9A1E7A4F7556}") = "Hzdtf.Example.Model", "Example\Application\Hzdtf.Example.Model\Hzdtf.Example.Model.csproj", "{30849F03-2FE7-4FEA-BEE0-32702CD12F9B}"
EndProject
Project("{9A19103F-16F7-4668-BE54-9A1E7A4F7556}") = "Hzdtf.Example.Service.Contract", "Example\Application\Hzdtf.Example.Service.Contract\Hzdtf.Example.Service.Contract.csproj", "{18FE123B-DD27-47E7-9BC9-394EF7409A19}"
EndProject
Project("{9A19103F-16F7-4668-BE54-9A1E7A4F7556}") = "Hzdtf.Example.Service.Impl", "Example\Application\Hzdtf.Example.Service.Impl\Hzdtf.Example.Service.Impl.csproj", "{0B4F7506-C198-49AE-A337-1740A95A4A81}"
EndProject
Project("{9A19103F-16F7-4668-BE54-9A1E7A4F7556}") = "Hzdtf.Example.Persistence.Contract", "Example\Application\Hzdtf.Example.Persistence.Contract\Hzdtf.Example.Persistence.Contract.csproj", "{39072591-446F-4D29-AB47-0BB64F49BB30}"
EndProject
Project("{9A19103F-16F7-4668-BE54-9A1E7A4F7556}") = "Hzdtf.Example.Controller", "Example\Application\Hzdtf.Example.Controller\Hzdtf.Example.Controller.csproj", "{B4890908-EBA9-4AE3-9AC4-F9AC6ED7F8EC}"
EndProject
Project("{2150E333-8FDC-42A3-9474-1A3956D46DE8}") = "01.Workflow", "01.Workflow", "{E2CA8941-709B-40D5-9D8B-CEC7FADF239C}"
EndProject
Project("{9A19103F-16F7-4668-BE54-9A1E7A4F7556}") = "Hzdtf.Workflow.Model", "Example\Workflow\Hzdtf.Workflow.Model\Hzdtf.Workflow.Model.csproj", "{2EB74EFC-4931-48AF-9843-AE8031786554}"
EndProject
Project("{2150E333-8FDC-42A3-9474-1A3956D46DE8}") = "01.Model", "01.Model", "{FCD58B1E-AB7E-43E3-8B55-C7AA38411D85}"
EndProject
Project("{2150E333-8FDC-42A3-9474-1A3956D46DE8}") = "02.Persistence", "02.Persistence", "{7449F41E-5E21-4313-93BF-93431307B684}"
EndProject
Project("{2150E333-8FDC-42A3-9474-1A3956D46DE8}") = "03.Service", "03.Service", "{DCA77D5C-8278-44C7-BBE2-DBF3947B1DBF}"
EndProject
Project("{2150E333-8FDC-42A3-9474-1A3956D46DE8}") = "04.Controller", "04.Controller", "{0C80FD8E-023C-4D18-AE5B-DAFF9545ED3E}"
EndProject
Project("{9A19103F-16F7-4668-BE54-9A1E7A4F7556}") = "Hzdtf.Workflow.Persistence.Contract", "Example\Workflow\Hzdtf.Workflow.Persistence.Contract\Hzdtf.Workflow.Persistence.Contract.csproj", "{01324DBC-9130-4A21-AB2E-709665323BBB}"
EndProject
Project("{9A19103F-16F7-4668-BE54-9A1E7A4F7556}") = "Hzdtf.Workflow.MySql", "Example\Workflow\Hzdtf.Workflow.MySql\Hzdtf.Workflow.MySql.csproj", "{BC40B7FA-7D9B-4D35-AABE-2B23775E3144}"
EndProject
Project("{9A19103F-16F7-4668-BE54-9A1E7A4F7556}") = "Hzdtf.Workflow.Service.Contract", "Example\Workflow\Hzdtf.Workflow.Service.Contract\Hzdtf.Workflow.Service.Contract.csproj", "{99445004-1124-4DD5-9AF2-1E20F10A872F}"
EndProject
Project("{9A19103F-16F7-4668-BE54-9A1E7A4F7556}") = "Hzdtf.Workflow.Service.Impl", "Example\Workflow\Hzdtf.Workflow.Service.Impl\Hzdtf.Workflow.Service.Impl.csproj", "{CA265DBF-2B1B-440C-B033-C37E5A9A0B9E}"
EndProject
Project("{9A19103F-16F7-4668-BE54-9A1E7A4F7556}") = "Hzdtf.Workflow.Controller", "Example\Workflow\Hzdtf.Workflow.Controller\Hzdtf.Workflow.Controller.csproj", "{407A3E9B-4D81-4DD3-9B72-C547C1A8C6AC}"
EndProject
Project("{9A19103F-16F7-4668-BE54-9A1E7A4F7556}") = "Hzdtf.BasicFunction.Workflow", "Example\Workflow\Hzdtf.BasicFunction.Workflow\Hzdtf.BasicFunction.Workflow.csproj", "{4D2B6820-00C6-49F7-96F1-03D676A86AC0}"
EndProject
Project("{9A19103F-16F7-4668-BE54-9A1E7A4F7556}") = "Hzdtf.EntityFrameworkCore.Extensions", "Persistence\Hzdtf.EntityFrameworkCore.Extensions\Hzdtf.EntityFrameworkCore.Extensions.csproj", "{13DBD7FD-862B-4D2C-98F5-F66AC75B212B}"
EndProject
Project("{9A19103F-16F7-4668-BE54-9A1E7A4F7556}") = "Hzdtf.Persistence.DotnetCoreCAP.SqlServer", "Persistence\Hzdtf.Persistence.DotnetCoreCAP.SqlServer\Hzdtf.Persistence.DotnetCoreCAP.SqlServer.csproj", "{2C88E047-D764-494E-98E4-ABFD8CE54001}"
EndProject
Project("{2150E333-8FDC-42A3-9474-1A3956D46DE8}") = "08.Quartz", "08.Quartz", "{0168B157-CF7D-4A00-9C4E-29FD5C99EC0D}"
EndProject
Project("{9A19103F-16F7-4668-BE54-9A1E7A4F7556}") = "Hzdtf.Quartz.Extensions", "Quartz\Hzdtf.Quartz.Extensions\Hzdtf.Quartz.Extensions.csproj", "{6D9080D9-2F2A-481D-91C3-F0C3968BC188}"
EndProject
Project("{9A19103F-16F7-4668-BE54-9A1E7A4F7556}") = "Hzdtf.Quartz.AspNet.Extensions", "Quartz\Hzdtf.Quartz.AspNet.Extensions\Hzdtf.Quartz.AspNet.Extensions.csproj", "{773D4FD4-7650-498E-B190-5F0FA0C53D10}"
EndProject
Project("{FAE04EC0-301F-11D3-BF4B-00C04F79EFBC}") = "Hzdtf.Quartz.Model", "Quartz\Hzdtf.Quartz.Model\Hzdtf.Quartz.Model.csproj", "{A9312C56-2C82-40BE-A9FA-30E49CBC4C5A}"
EndProject
Project("{FAE04EC0-301F-11D3-BF4B-00C04F79EFBC}") = "Hzdtf.Quartz.Persistence.Contract", "Quartz\Hzdtf.Quartz.Persistence.Contract\Hzdtf.Quartz.Persistence.Contract.csproj", "{51F0A7EA-3262-4AF9-B1D3-782CE3E03A98}"
EndProject
Project("{FAE04EC0-301F-11D3-BF4B-00C04F79EFBC}") = "Hzdtf.Quartz.File", "Quartz\Hzdtf.Quartz.File\Hzdtf.Quartz.File.csproj", "{29FC6650-C802-4649-B30C-6786A610C72F}"
EndProject
Global
	GlobalSection(SolutionConfigurationPlatforms) = preSolution
		Debug|Any CPU = Debug|Any CPU
		Release|Any CPU = Release|Any CPU
	EndGlobalSection
	GlobalSection(ProjectConfigurationPlatforms) = postSolution
		{F8F30B69-587D-410F-9F5B-CF87410B08B1}.Debug|Any CPU.ActiveCfg = Debug|Any CPU
		{F8F30B69-587D-410F-9F5B-CF87410B08B1}.Debug|Any CPU.Build.0 = Debug|Any CPU
		{F8F30B69-587D-410F-9F5B-CF87410B08B1}.Release|Any CPU.ActiveCfg = Release|Any CPU
		{F8F30B69-587D-410F-9F5B-CF87410B08B1}.Release|Any CPU.Build.0 = Release|Any CPU
		{E46BCC70-AEAE-4A95-90AB-E6A0DCF1323E}.Debug|Any CPU.ActiveCfg = Debug|Any CPU
		{E46BCC70-AEAE-4A95-90AB-E6A0DCF1323E}.Debug|Any CPU.Build.0 = Debug|Any CPU
		{E46BCC70-AEAE-4A95-90AB-E6A0DCF1323E}.Release|Any CPU.ActiveCfg = Release|Any CPU
		{E46BCC70-AEAE-4A95-90AB-E6A0DCF1323E}.Release|Any CPU.Build.0 = Release|Any CPU
		{9B3AF2AB-C0F5-499D-A1C7-91CE84C21F81}.Debug|Any CPU.ActiveCfg = Debug|Any CPU
		{9B3AF2AB-C0F5-499D-A1C7-91CE84C21F81}.Debug|Any CPU.Build.0 = Debug|Any CPU
		{9B3AF2AB-C0F5-499D-A1C7-91CE84C21F81}.Release|Any CPU.ActiveCfg = Release|Any CPU
		{9B3AF2AB-C0F5-499D-A1C7-91CE84C21F81}.Release|Any CPU.Build.0 = Release|Any CPU
		{40EB9121-DF09-4709-9FBD-E394469BE242}.Debug|Any CPU.ActiveCfg = Debug|Any CPU
		{40EB9121-DF09-4709-9FBD-E394469BE242}.Debug|Any CPU.Build.0 = Debug|Any CPU
		{40EB9121-DF09-4709-9FBD-E394469BE242}.Release|Any CPU.ActiveCfg = Release|Any CPU
		{40EB9121-DF09-4709-9FBD-E394469BE242}.Release|Any CPU.Build.0 = Release|Any CPU
		{D676E750-E036-472B-BA1E-941E4D6F0C19}.Debug|Any CPU.ActiveCfg = Debug|Any CPU
		{D676E750-E036-472B-BA1E-941E4D6F0C19}.Debug|Any CPU.Build.0 = Debug|Any CPU
		{D676E750-E036-472B-BA1E-941E4D6F0C19}.Release|Any CPU.ActiveCfg = Release|Any CPU
		{D676E750-E036-472B-BA1E-941E4D6F0C19}.Release|Any CPU.Build.0 = Release|Any CPU
		{13B5F479-8970-4DF4-9141-C3FA01F634AD}.Debug|Any CPU.ActiveCfg = Debug|Any CPU
		{13B5F479-8970-4DF4-9141-C3FA01F634AD}.Debug|Any CPU.Build.0 = Debug|Any CPU
		{13B5F479-8970-4DF4-9141-C3FA01F634AD}.Release|Any CPU.ActiveCfg = Release|Any CPU
		{13B5F479-8970-4DF4-9141-C3FA01F634AD}.Release|Any CPU.Build.0 = Release|Any CPU
		{84BECC6F-0FB8-419F-AAEB-30F8083CD565}.Debug|Any CPU.ActiveCfg = Debug|Any CPU
		{84BECC6F-0FB8-419F-AAEB-30F8083CD565}.Debug|Any CPU.Build.0 = Debug|Any CPU
		{84BECC6F-0FB8-419F-AAEB-30F8083CD565}.Release|Any CPU.ActiveCfg = Release|Any CPU
		{84BECC6F-0FB8-419F-AAEB-30F8083CD565}.Release|Any CPU.Build.0 = Release|Any CPU
		{1E41F314-047D-4C24-9BC6-7DC8CB1CADAA}.Debug|Any CPU.ActiveCfg = Debug|Any CPU
		{1E41F314-047D-4C24-9BC6-7DC8CB1CADAA}.Debug|Any CPU.Build.0 = Debug|Any CPU
		{1E41F314-047D-4C24-9BC6-7DC8CB1CADAA}.Release|Any CPU.ActiveCfg = Release|Any CPU
		{1E41F314-047D-4C24-9BC6-7DC8CB1CADAA}.Release|Any CPU.Build.0 = Release|Any CPU
		{2643EE44-085D-4933-9B62-1D1E79FADFEF}.Debug|Any CPU.ActiveCfg = Debug|Any CPU
		{2643EE44-085D-4933-9B62-1D1E79FADFEF}.Debug|Any CPU.Build.0 = Debug|Any CPU
		{2643EE44-085D-4933-9B62-1D1E79FADFEF}.Release|Any CPU.ActiveCfg = Release|Any CPU
		{2643EE44-085D-4933-9B62-1D1E79FADFEF}.Release|Any CPU.Build.0 = Release|Any CPU
		{6E782CDE-6072-48A2-ACA5-57FC8546D1BE}.Debug|Any CPU.ActiveCfg = Debug|Any CPU
		{6E782CDE-6072-48A2-ACA5-57FC8546D1BE}.Debug|Any CPU.Build.0 = Debug|Any CPU
		{6E782CDE-6072-48A2-ACA5-57FC8546D1BE}.Release|Any CPU.ActiveCfg = Release|Any CPU
		{6E782CDE-6072-48A2-ACA5-57FC8546D1BE}.Release|Any CPU.Build.0 = Release|Any CPU
		{693F1855-20D9-4A7F-AA97-78FC33528EB2}.Debug|Any CPU.ActiveCfg = Debug|Any CPU
		{693F1855-20D9-4A7F-AA97-78FC33528EB2}.Debug|Any CPU.Build.0 = Debug|Any CPU
		{693F1855-20D9-4A7F-AA97-78FC33528EB2}.Release|Any CPU.ActiveCfg = Release|Any CPU
		{693F1855-20D9-4A7F-AA97-78FC33528EB2}.Release|Any CPU.Build.0 = Release|Any CPU
		{A543B01F-1463-4666-ABBC-0021F7C630F3}.Debug|Any CPU.ActiveCfg = Debug|Any CPU
		{A543B01F-1463-4666-ABBC-0021F7C630F3}.Debug|Any CPU.Build.0 = Debug|Any CPU
		{A543B01F-1463-4666-ABBC-0021F7C630F3}.Release|Any CPU.ActiveCfg = Release|Any CPU
		{A543B01F-1463-4666-ABBC-0021F7C630F3}.Release|Any CPU.Build.0 = Release|Any CPU
		{8366120A-3B19-460B-B484-A7E1F04C15F6}.Debug|Any CPU.ActiveCfg = Debug|Any CPU
		{8366120A-3B19-460B-B484-A7E1F04C15F6}.Debug|Any CPU.Build.0 = Debug|Any CPU
		{8366120A-3B19-460B-B484-A7E1F04C15F6}.Release|Any CPU.ActiveCfg = Release|Any CPU
		{8366120A-3B19-460B-B484-A7E1F04C15F6}.Release|Any CPU.Build.0 = Release|Any CPU
		{74B4DB1E-2837-43D4-BADD-A8EC0CEC6F38}.Debug|Any CPU.ActiveCfg = Debug|Any CPU
		{74B4DB1E-2837-43D4-BADD-A8EC0CEC6F38}.Debug|Any CPU.Build.0 = Debug|Any CPU
		{74B4DB1E-2837-43D4-BADD-A8EC0CEC6F38}.Release|Any CPU.ActiveCfg = Release|Any CPU
		{74B4DB1E-2837-43D4-BADD-A8EC0CEC6F38}.Release|Any CPU.Build.0 = Release|Any CPU
		{31E6C7A6-D6C0-48C5-A333-5C512F992D03}.Debug|Any CPU.ActiveCfg = Debug|Any CPU
		{31E6C7A6-D6C0-48C5-A333-5C512F992D03}.Debug|Any CPU.Build.0 = Debug|Any CPU
		{31E6C7A6-D6C0-48C5-A333-5C512F992D03}.Release|Any CPU.ActiveCfg = Release|Any CPU
		{31E6C7A6-D6C0-48C5-A333-5C512F992D03}.Release|Any CPU.Build.0 = Release|Any CPU
		{1296A7BB-3830-4B3D-A64A-1E652AE0ED59}.Debug|Any CPU.ActiveCfg = Debug|Any CPU
		{1296A7BB-3830-4B3D-A64A-1E652AE0ED59}.Debug|Any CPU.Build.0 = Debug|Any CPU
		{1296A7BB-3830-4B3D-A64A-1E652AE0ED59}.Release|Any CPU.ActiveCfg = Release|Any CPU
		{1296A7BB-3830-4B3D-A64A-1E652AE0ED59}.Release|Any CPU.Build.0 = Release|Any CPU
		{5D2454E5-C836-4851-813A-FCBF8B6D8B2A}.Debug|Any CPU.ActiveCfg = Debug|Any CPU
		{5D2454E5-C836-4851-813A-FCBF8B6D8B2A}.Debug|Any CPU.Build.0 = Debug|Any CPU
		{5D2454E5-C836-4851-813A-FCBF8B6D8B2A}.Release|Any CPU.ActiveCfg = Release|Any CPU
		{5D2454E5-C836-4851-813A-FCBF8B6D8B2A}.Release|Any CPU.Build.0 = Release|Any CPU
		{7517C12D-439A-4DEA-94DF-52E069874DEE}.Debug|Any CPU.ActiveCfg = Debug|Any CPU
		{7517C12D-439A-4DEA-94DF-52E069874DEE}.Debug|Any CPU.Build.0 = Debug|Any CPU
		{7517C12D-439A-4DEA-94DF-52E069874DEE}.Release|Any CPU.ActiveCfg = Release|Any CPU
		{7517C12D-439A-4DEA-94DF-52E069874DEE}.Release|Any CPU.Build.0 = Release|Any CPU
		{07D3E6A4-10CA-4710-BF95-5BDFEE7D40C6}.Debug|Any CPU.ActiveCfg = Debug|Any CPU
		{07D3E6A4-10CA-4710-BF95-5BDFEE7D40C6}.Debug|Any CPU.Build.0 = Debug|Any CPU
		{07D3E6A4-10CA-4710-BF95-5BDFEE7D40C6}.Release|Any CPU.ActiveCfg = Release|Any CPU
		{07D3E6A4-10CA-4710-BF95-5BDFEE7D40C6}.Release|Any CPU.Build.0 = Release|Any CPU
		{38F9314A-18CF-42B3-8BEC-D5A79D5B2936}.Debug|Any CPU.ActiveCfg = Debug|Any CPU
		{38F9314A-18CF-42B3-8BEC-D5A79D5B2936}.Debug|Any CPU.Build.0 = Debug|Any CPU
		{38F9314A-18CF-42B3-8BEC-D5A79D5B2936}.Release|Any CPU.ActiveCfg = Release|Any CPU
		{38F9314A-18CF-42B3-8BEC-D5A79D5B2936}.Release|Any CPU.Build.0 = Release|Any CPU
		{DFA25CB6-FDC1-4AC5-863A-83458B0C5988}.Debug|Any CPU.ActiveCfg = Debug|Any CPU
		{DFA25CB6-FDC1-4AC5-863A-83458B0C5988}.Debug|Any CPU.Build.0 = Debug|Any CPU
		{DFA25CB6-FDC1-4AC5-863A-83458B0C5988}.Release|Any CPU.ActiveCfg = Release|Any CPU
		{DFA25CB6-FDC1-4AC5-863A-83458B0C5988}.Release|Any CPU.Build.0 = Release|Any CPU
		{8BC91E6D-9A18-4E42-8127-C7BADD2DDDE3}.Debug|Any CPU.ActiveCfg = Debug|Any CPU
		{8BC91E6D-9A18-4E42-8127-C7BADD2DDDE3}.Debug|Any CPU.Build.0 = Debug|Any CPU
		{8BC91E6D-9A18-4E42-8127-C7BADD2DDDE3}.Release|Any CPU.ActiveCfg = Release|Any CPU
		{8BC91E6D-9A18-4E42-8127-C7BADD2DDDE3}.Release|Any CPU.Build.0 = Release|Any CPU
		{C3ECF32C-BBFC-403B-9DB6-27E875CE7FCC}.Debug|Any CPU.ActiveCfg = Debug|Any CPU
		{C3ECF32C-BBFC-403B-9DB6-27E875CE7FCC}.Debug|Any CPU.Build.0 = Debug|Any CPU
		{C3ECF32C-BBFC-403B-9DB6-27E875CE7FCC}.Release|Any CPU.ActiveCfg = Release|Any CPU
		{C3ECF32C-BBFC-403B-9DB6-27E875CE7FCC}.Release|Any CPU.Build.0 = Release|Any CPU
		{E7040EC7-D1B3-4709-A713-8FEBEB7627A6}.Debug|Any CPU.ActiveCfg = Debug|Any CPU
		{E7040EC7-D1B3-4709-A713-8FEBEB7627A6}.Debug|Any CPU.Build.0 = Debug|Any CPU
		{E7040EC7-D1B3-4709-A713-8FEBEB7627A6}.Release|Any CPU.ActiveCfg = Release|Any CPU
		{E7040EC7-D1B3-4709-A713-8FEBEB7627A6}.Release|Any CPU.Build.0 = Release|Any CPU
		{07BBD27C-9DE8-4048-ACD5-9EF1994E9175}.Debug|Any CPU.ActiveCfg = Debug|Any CPU
		{07BBD27C-9DE8-4048-ACD5-9EF1994E9175}.Debug|Any CPU.Build.0 = Debug|Any CPU
		{07BBD27C-9DE8-4048-ACD5-9EF1994E9175}.Release|Any CPU.ActiveCfg = Release|Any CPU
		{07BBD27C-9DE8-4048-ACD5-9EF1994E9175}.Release|Any CPU.Build.0 = Release|Any CPU
		{E2764511-F0C2-4F2E-9068-1AF82C914427}.Debug|Any CPU.ActiveCfg = Debug|Any CPU
		{E2764511-F0C2-4F2E-9068-1AF82C914427}.Debug|Any CPU.Build.0 = Debug|Any CPU
		{E2764511-F0C2-4F2E-9068-1AF82C914427}.Release|Any CPU.ActiveCfg = Release|Any CPU
		{E2764511-F0C2-4F2E-9068-1AF82C914427}.Release|Any CPU.Build.0 = Release|Any CPU
		{B5702380-466C-473A-BB3A-8A49751DB8F3}.Debug|Any CPU.ActiveCfg = Debug|Any CPU
		{B5702380-466C-473A-BB3A-8A49751DB8F3}.Debug|Any CPU.Build.0 = Debug|Any CPU
		{B5702380-466C-473A-BB3A-8A49751DB8F3}.Release|Any CPU.ActiveCfg = Release|Any CPU
		{B5702380-466C-473A-BB3A-8A49751DB8F3}.Release|Any CPU.Build.0 = Release|Any CPU
		{C1EB140C-1A27-413E-898B-56F9CC9A169E}.Debug|Any CPU.ActiveCfg = Debug|Any CPU
		{C1EB140C-1A27-413E-898B-56F9CC9A169E}.Debug|Any CPU.Build.0 = Debug|Any CPU
		{C1EB140C-1A27-413E-898B-56F9CC9A169E}.Release|Any CPU.ActiveCfg = Release|Any CPU
		{C1EB140C-1A27-413E-898B-56F9CC9A169E}.Release|Any CPU.Build.0 = Release|Any CPU
		{0BD76F41-EC66-40CB-B094-69675B411118}.Debug|Any CPU.ActiveCfg = Debug|Any CPU
		{0BD76F41-EC66-40CB-B094-69675B411118}.Debug|Any CPU.Build.0 = Debug|Any CPU
		{0BD76F41-EC66-40CB-B094-69675B411118}.Release|Any CPU.ActiveCfg = Release|Any CPU
		{0BD76F41-EC66-40CB-B094-69675B411118}.Release|Any CPU.Build.0 = Release|Any CPU
		{49758CE6-E77D-4EDA-9A82-72978111F4AD}.Debug|Any CPU.ActiveCfg = Debug|Any CPU
		{49758CE6-E77D-4EDA-9A82-72978111F4AD}.Debug|Any CPU.Build.0 = Debug|Any CPU
		{49758CE6-E77D-4EDA-9A82-72978111F4AD}.Release|Any CPU.ActiveCfg = Release|Any CPU
		{49758CE6-E77D-4EDA-9A82-72978111F4AD}.Release|Any CPU.Build.0 = Release|Any CPU
		{A5563148-4B92-497B-B05C-0B791F1F5589}.Debug|Any CPU.ActiveCfg = Debug|Any CPU
		{A5563148-4B92-497B-B05C-0B791F1F5589}.Debug|Any CPU.Build.0 = Debug|Any CPU
		{A5563148-4B92-497B-B05C-0B791F1F5589}.Release|Any CPU.ActiveCfg = Release|Any CPU
		{A5563148-4B92-497B-B05C-0B791F1F5589}.Release|Any CPU.Build.0 = Release|Any CPU
		{E998FBE2-202C-41F0-B4A9-E17B336D52C5}.Debug|Any CPU.ActiveCfg = Debug|Any CPU
		{E998FBE2-202C-41F0-B4A9-E17B336D52C5}.Debug|Any CPU.Build.0 = Debug|Any CPU
		{E998FBE2-202C-41F0-B4A9-E17B336D52C5}.Release|Any CPU.ActiveCfg = Release|Any CPU
		{E998FBE2-202C-41F0-B4A9-E17B336D52C5}.Release|Any CPU.Build.0 = Release|Any CPU
		{7ABE2B82-C98B-4651-AF6C-42C4D87E1533}.Debug|Any CPU.ActiveCfg = Debug|Any CPU
		{7ABE2B82-C98B-4651-AF6C-42C4D87E1533}.Debug|Any CPU.Build.0 = Debug|Any CPU
		{7ABE2B82-C98B-4651-AF6C-42C4D87E1533}.Release|Any CPU.ActiveCfg = Release|Any CPU
		{7ABE2B82-C98B-4651-AF6C-42C4D87E1533}.Release|Any CPU.Build.0 = Release|Any CPU
		{B013E08F-C465-4BCE-9BC4-7D25EBCD639B}.Debug|Any CPU.ActiveCfg = Debug|Any CPU
		{B013E08F-C465-4BCE-9BC4-7D25EBCD639B}.Debug|Any CPU.Build.0 = Debug|Any CPU
		{B013E08F-C465-4BCE-9BC4-7D25EBCD639B}.Release|Any CPU.ActiveCfg = Release|Any CPU
		{B013E08F-C465-4BCE-9BC4-7D25EBCD639B}.Release|Any CPU.Build.0 = Release|Any CPU
		{EB00B1C2-ADB3-4C21-921B-BE9009E05F87}.Debug|Any CPU.ActiveCfg = Debug|Any CPU
		{EB00B1C2-ADB3-4C21-921B-BE9009E05F87}.Debug|Any CPU.Build.0 = Debug|Any CPU
		{EB00B1C2-ADB3-4C21-921B-BE9009E05F87}.Release|Any CPU.ActiveCfg = Release|Any CPU
		{EB00B1C2-ADB3-4C21-921B-BE9009E05F87}.Release|Any CPU.Build.0 = Release|Any CPU
		{01F6873E-B18A-45E9-97C6-C42D9410E744}.Debug|Any CPU.ActiveCfg = Debug|Any CPU
		{01F6873E-B18A-45E9-97C6-C42D9410E744}.Debug|Any CPU.Build.0 = Debug|Any CPU
		{01F6873E-B18A-45E9-97C6-C42D9410E744}.Release|Any CPU.ActiveCfg = Release|Any CPU
		{01F6873E-B18A-45E9-97C6-C42D9410E744}.Release|Any CPU.Build.0 = Release|Any CPU
		{98EE2E27-5E4D-4C09-ACE9-B640790BBCE6}.Debug|Any CPU.ActiveCfg = Debug|Any CPU
		{98EE2E27-5E4D-4C09-ACE9-B640790BBCE6}.Debug|Any CPU.Build.0 = Debug|Any CPU
		{98EE2E27-5E4D-4C09-ACE9-B640790BBCE6}.Release|Any CPU.ActiveCfg = Release|Any CPU
		{98EE2E27-5E4D-4C09-ACE9-B640790BBCE6}.Release|Any CPU.Build.0 = Release|Any CPU
		{4F341476-BE4B-4170-A2E7-EBF80AAAF37C}.Debug|Any CPU.ActiveCfg = Debug|Any CPU
		{4F341476-BE4B-4170-A2E7-EBF80AAAF37C}.Debug|Any CPU.Build.0 = Debug|Any CPU
		{4F341476-BE4B-4170-A2E7-EBF80AAAF37C}.Release|Any CPU.ActiveCfg = Release|Any CPU
		{4F341476-BE4B-4170-A2E7-EBF80AAAF37C}.Release|Any CPU.Build.0 = Release|Any CPU
		{30849F03-2FE7-4FEA-BEE0-32702CD12F9B}.Debug|Any CPU.ActiveCfg = Debug|Any CPU
		{30849F03-2FE7-4FEA-BEE0-32702CD12F9B}.Debug|Any CPU.Build.0 = Debug|Any CPU
		{30849F03-2FE7-4FEA-BEE0-32702CD12F9B}.Release|Any CPU.ActiveCfg = Release|Any CPU
		{30849F03-2FE7-4FEA-BEE0-32702CD12F9B}.Release|Any CPU.Build.0 = Release|Any CPU
		{18FE123B-DD27-47E7-9BC9-394EF7409A19}.Debug|Any CPU.ActiveCfg = Debug|Any CPU
		{18FE123B-DD27-47E7-9BC9-394EF7409A19}.Debug|Any CPU.Build.0 = Debug|Any CPU
		{18FE123B-DD27-47E7-9BC9-394EF7409A19}.Release|Any CPU.ActiveCfg = Release|Any CPU
		{18FE123B-DD27-47E7-9BC9-394EF7409A19}.Release|Any CPU.Build.0 = Release|Any CPU
		{0B4F7506-C198-49AE-A337-1740A95A4A81}.Debug|Any CPU.ActiveCfg = Debug|Any CPU
		{0B4F7506-C198-49AE-A337-1740A95A4A81}.Debug|Any CPU.Build.0 = Debug|Any CPU
		{0B4F7506-C198-49AE-A337-1740A95A4A81}.Release|Any CPU.ActiveCfg = Release|Any CPU
		{0B4F7506-C198-49AE-A337-1740A95A4A81}.Release|Any CPU.Build.0 = Release|Any CPU
		{39072591-446F-4D29-AB47-0BB64F49BB30}.Debug|Any CPU.ActiveCfg = Debug|Any CPU
		{39072591-446F-4D29-AB47-0BB64F49BB30}.Debug|Any CPU.Build.0 = Debug|Any CPU
		{39072591-446F-4D29-AB47-0BB64F49BB30}.Release|Any CPU.ActiveCfg = Release|Any CPU
		{39072591-446F-4D29-AB47-0BB64F49BB30}.Release|Any CPU.Build.0 = Release|Any CPU
		{B4890908-EBA9-4AE3-9AC4-F9AC6ED7F8EC}.Debug|Any CPU.ActiveCfg = Debug|Any CPU
		{B4890908-EBA9-4AE3-9AC4-F9AC6ED7F8EC}.Debug|Any CPU.Build.0 = Debug|Any CPU
		{B4890908-EBA9-4AE3-9AC4-F9AC6ED7F8EC}.Release|Any CPU.ActiveCfg = Release|Any CPU
		{B4890908-EBA9-4AE3-9AC4-F9AC6ED7F8EC}.Release|Any CPU.Build.0 = Release|Any CPU
		{2EB74EFC-4931-48AF-9843-AE8031786554}.Debug|Any CPU.ActiveCfg = Debug|Any CPU
		{2EB74EFC-4931-48AF-9843-AE8031786554}.Debug|Any CPU.Build.0 = Debug|Any CPU
		{2EB74EFC-4931-48AF-9843-AE8031786554}.Release|Any CPU.ActiveCfg = Release|Any CPU
		{2EB74EFC-4931-48AF-9843-AE8031786554}.Release|Any CPU.Build.0 = Release|Any CPU
		{01324DBC-9130-4A21-AB2E-709665323BBB}.Debug|Any CPU.ActiveCfg = Debug|Any CPU
		{01324DBC-9130-4A21-AB2E-709665323BBB}.Debug|Any CPU.Build.0 = Debug|Any CPU
		{01324DBC-9130-4A21-AB2E-709665323BBB}.Release|Any CPU.ActiveCfg = Release|Any CPU
		{01324DBC-9130-4A21-AB2E-709665323BBB}.Release|Any CPU.Build.0 = Release|Any CPU
		{BC40B7FA-7D9B-4D35-AABE-2B23775E3144}.Debug|Any CPU.ActiveCfg = Debug|Any CPU
		{BC40B7FA-7D9B-4D35-AABE-2B23775E3144}.Debug|Any CPU.Build.0 = Debug|Any CPU
		{BC40B7FA-7D9B-4D35-AABE-2B23775E3144}.Release|Any CPU.ActiveCfg = Release|Any CPU
		{BC40B7FA-7D9B-4D35-AABE-2B23775E3144}.Release|Any CPU.Build.0 = Release|Any CPU
		{99445004-1124-4DD5-9AF2-1E20F10A872F}.Debug|Any CPU.ActiveCfg = Debug|Any CPU
		{99445004-1124-4DD5-9AF2-1E20F10A872F}.Debug|Any CPU.Build.0 = Debug|Any CPU
		{99445004-1124-4DD5-9AF2-1E20F10A872F}.Release|Any CPU.ActiveCfg = Release|Any CPU
		{99445004-1124-4DD5-9AF2-1E20F10A872F}.Release|Any CPU.Build.0 = Release|Any CPU
		{CA265DBF-2B1B-440C-B033-C37E5A9A0B9E}.Debug|Any CPU.ActiveCfg = Debug|Any CPU
		{CA265DBF-2B1B-440C-B033-C37E5A9A0B9E}.Debug|Any CPU.Build.0 = Debug|Any CPU
		{CA265DBF-2B1B-440C-B033-C37E5A9A0B9E}.Release|Any CPU.ActiveCfg = Release|Any CPU
		{CA265DBF-2B1B-440C-B033-C37E5A9A0B9E}.Release|Any CPU.Build.0 = Release|Any CPU
		{407A3E9B-4D81-4DD3-9B72-C547C1A8C6AC}.Debug|Any CPU.ActiveCfg = Debug|Any CPU
		{407A3E9B-4D81-4DD3-9B72-C547C1A8C6AC}.Debug|Any CPU.Build.0 = Debug|Any CPU
		{407A3E9B-4D81-4DD3-9B72-C547C1A8C6AC}.Release|Any CPU.ActiveCfg = Release|Any CPU
		{407A3E9B-4D81-4DD3-9B72-C547C1A8C6AC}.Release|Any CPU.Build.0 = Release|Any CPU
		{4D2B6820-00C6-49F7-96F1-03D676A86AC0}.Debug|Any CPU.ActiveCfg = Debug|Any CPU
		{4D2B6820-00C6-49F7-96F1-03D676A86AC0}.Debug|Any CPU.Build.0 = Debug|Any CPU
		{4D2B6820-00C6-49F7-96F1-03D676A86AC0}.Release|Any CPU.ActiveCfg = Release|Any CPU
		{4D2B6820-00C6-49F7-96F1-03D676A86AC0}.Release|Any CPU.Build.0 = Release|Any CPU
		{13DBD7FD-862B-4D2C-98F5-F66AC75B212B}.Debug|Any CPU.ActiveCfg = Debug|Any CPU
		{13DBD7FD-862B-4D2C-98F5-F66AC75B212B}.Debug|Any CPU.Build.0 = Debug|Any CPU
		{13DBD7FD-862B-4D2C-98F5-F66AC75B212B}.Release|Any CPU.ActiveCfg = Release|Any CPU
		{13DBD7FD-862B-4D2C-98F5-F66AC75B212B}.Release|Any CPU.Build.0 = Release|Any CPU
		{2C88E047-D764-494E-98E4-ABFD8CE54001}.Debug|Any CPU.ActiveCfg = Debug|Any CPU
		{2C88E047-D764-494E-98E4-ABFD8CE54001}.Debug|Any CPU.Build.0 = Debug|Any CPU
		{2C88E047-D764-494E-98E4-ABFD8CE54001}.Release|Any CPU.ActiveCfg = Release|Any CPU
		{2C88E047-D764-494E-98E4-ABFD8CE54001}.Release|Any CPU.Build.0 = Release|Any CPU
		{6D9080D9-2F2A-481D-91C3-F0C3968BC188}.Debug|Any CPU.ActiveCfg = Debug|Any CPU
		{6D9080D9-2F2A-481D-91C3-F0C3968BC188}.Debug|Any CPU.Build.0 = Debug|Any CPU
		{6D9080D9-2F2A-481D-91C3-F0C3968BC188}.Release|Any CPU.ActiveCfg = Release|Any CPU
		{6D9080D9-2F2A-481D-91C3-F0C3968BC188}.Release|Any CPU.Build.0 = Release|Any CPU
		{773D4FD4-7650-498E-B190-5F0FA0C53D10}.Debug|Any CPU.ActiveCfg = Debug|Any CPU
		{773D4FD4-7650-498E-B190-5F0FA0C53D10}.Debug|Any CPU.Build.0 = Debug|Any CPU
		{773D4FD4-7650-498E-B190-5F0FA0C53D10}.Release|Any CPU.ActiveCfg = Release|Any CPU
		{773D4FD4-7650-498E-B190-5F0FA0C53D10}.Release|Any CPU.Build.0 = Release|Any CPU
		{A9312C56-2C82-40BE-A9FA-30E49CBC4C5A}.Debug|Any CPU.ActiveCfg = Debug|Any CPU
		{A9312C56-2C82-40BE-A9FA-30E49CBC4C5A}.Debug|Any CPU.Build.0 = Debug|Any CPU
		{A9312C56-2C82-40BE-A9FA-30E49CBC4C5A}.Release|Any CPU.ActiveCfg = Release|Any CPU
		{A9312C56-2C82-40BE-A9FA-30E49CBC4C5A}.Release|Any CPU.Build.0 = Release|Any CPU
		{51F0A7EA-3262-4AF9-B1D3-782CE3E03A98}.Debug|Any CPU.ActiveCfg = Debug|Any CPU
		{51F0A7EA-3262-4AF9-B1D3-782CE3E03A98}.Debug|Any CPU.Build.0 = Debug|Any CPU
		{51F0A7EA-3262-4AF9-B1D3-782CE3E03A98}.Release|Any CPU.ActiveCfg = Release|Any CPU
		{51F0A7EA-3262-4AF9-B1D3-782CE3E03A98}.Release|Any CPU.Build.0 = Release|Any CPU
		{29FC6650-C802-4649-B30C-6786A610C72F}.Debug|Any CPU.ActiveCfg = Debug|Any CPU
		{29FC6650-C802-4649-B30C-6786A610C72F}.Debug|Any CPU.Build.0 = Debug|Any CPU
		{29FC6650-C802-4649-B30C-6786A610C72F}.Release|Any CPU.ActiveCfg = Release|Any CPU
		{29FC6650-C802-4649-B30C-6786A610C72F}.Release|Any CPU.Build.0 = Release|Any CPU
	EndGlobalSection
	GlobalSection(SolutionProperties) = preSolution
		HideSolutionNode = FALSE
	EndGlobalSection
	GlobalSection(NestedProjects) = preSolution
		{F8F30B69-587D-410F-9F5B-CF87410B08B1} = {38BB7371-58AE-4F9D-A76D-1169861E833B}
		{E46BCC70-AEAE-4A95-90AB-E6A0DCF1323E} = {38BB7371-58AE-4F9D-A76D-1169861E833B}
		{9B3AF2AB-C0F5-499D-A1C7-91CE84C21F81} = {B245DA0D-C3EC-4BE2-81C3-23BF955D5446}
		{40EB9121-DF09-4709-9FBD-E394469BE242} = {B245DA0D-C3EC-4BE2-81C3-23BF955D5446}
		{D676E750-E036-472B-BA1E-941E4D6F0C19} = {B245DA0D-C3EC-4BE2-81C3-23BF955D5446}
		{13B5F479-8970-4DF4-9141-C3FA01F634AD} = {B245DA0D-C3EC-4BE2-81C3-23BF955D5446}
		{84BECC6F-0FB8-419F-AAEB-30F8083CD565} = {80D636CC-2223-49C9-8CEE-BBA1C3AF48C5}
		{1E41F314-047D-4C24-9BC6-7DC8CB1CADAA} = {E86F5EC0-B0B2-41BD-9D2F-E233A3E6D57A}
		{2643EE44-085D-4933-9B62-1D1E79FADFEF} = {E86F5EC0-B0B2-41BD-9D2F-E233A3E6D57A}
		{6E782CDE-6072-48A2-ACA5-57FC8546D1BE} = {E5E7FC98-B5A1-48BD-8DD4-33E45121AA15}
		{693F1855-20D9-4A7F-AA97-78FC33528EB2} = {E5E7FC98-B5A1-48BD-8DD4-33E45121AA15}
		{A543B01F-1463-4666-ABBC-0021F7C630F3} = {4CEC60AC-F91D-4F92-8F84-834345C15707}
		{8366120A-3B19-460B-B484-A7E1F04C15F6} = {4CEC60AC-F91D-4F92-8F84-834345C15707}
		{74B4DB1E-2837-43D4-BADD-A8EC0CEC6F38} = {38BB7371-58AE-4F9D-A76D-1169861E833B}
		{52A1F51A-4731-422E-A690-6CC0E6B64435} = {DD51DB39-9BF8-451F-A693-650A22894AE2}
		{E90104A9-55ED-47E8-9366-88E8323071CA} = {DD51DB39-9BF8-451F-A693-650A22894AE2}
		{31E6C7A6-D6C0-48C5-A333-5C512F992D03} = {E90104A9-55ED-47E8-9366-88E8323071CA}
		{1296A7BB-3830-4B3D-A64A-1E652AE0ED59} = {52A1F51A-4731-422E-A690-6CC0E6B64435}
		{5D2454E5-C836-4851-813A-FCBF8B6D8B2A} = {E90104A9-55ED-47E8-9366-88E8323071CA}
		{7517C12D-439A-4DEA-94DF-52E069874DEE} = {E90104A9-55ED-47E8-9366-88E8323071CA}
		{07D3E6A4-10CA-4710-BF95-5BDFEE7D40C6} = {E90104A9-55ED-47E8-9366-88E8323071CA}
		{38F9314A-18CF-42B3-8BEC-D5A79D5B2936} = {E90104A9-55ED-47E8-9366-88E8323071CA}
		{DFA25CB6-FDC1-4AC5-863A-83458B0C5988} = {E90104A9-55ED-47E8-9366-88E8323071CA}
		{8BC91E6D-9A18-4E42-8127-C7BADD2DDDE3} = {E90104A9-55ED-47E8-9366-88E8323071CA}
		{C3ECF32C-BBFC-403B-9DB6-27E875CE7FCC} = {CE674F4B-5C29-4DC6-9DE8-6BAFBBEB6F71}
		{E7040EC7-D1B3-4709-A713-8FEBEB7627A6} = {CE674F4B-5C29-4DC6-9DE8-6BAFBBEB6F71}
		{07BBD27C-9DE8-4048-ACD5-9EF1994E9175} = {CE674F4B-5C29-4DC6-9DE8-6BAFBBEB6F71}
		{E2764511-F0C2-4F2E-9068-1AF82C914427} = {CE674F4B-5C29-4DC6-9DE8-6BAFBBEB6F71}
		{B5702380-466C-473A-BB3A-8A49751DB8F3} = {CE674F4B-5C29-4DC6-9DE8-6BAFBBEB6F71}
		{C1EB140C-1A27-413E-898B-56F9CC9A169E} = {697CC0AF-E13F-4DC3-A6F3-EF562EC53AE6}
		{0BD76F41-EC66-40CB-B094-69675B411118} = {697CC0AF-E13F-4DC3-A6F3-EF562EC53AE6}
		{49758CE6-E77D-4EDA-9A82-72978111F4AD} = {1099F6B4-E5AE-4444-BC58-72FB31819C0C}
		{5941215B-0F76-48AD-90C3-CBAA1E6FE9BF} = {A48946A9-B147-44ED-8358-B39FBBD783C7}
		{A5563148-4B92-497B-B05C-0B791F1F5589} = {01D40D80-F6DE-413B-BA02-140A955C7BC9}
		{E998FBE2-202C-41F0-B4A9-E17B336D52C5} = {E6FE13FB-9F07-4C19-951D-57A5161FAA0E}
		{7ABE2B82-C98B-4651-AF6C-42C4D87E1533} = {84E7D8DA-6AEA-4385-B7BB-324506109838}
		{B013E08F-C465-4BCE-9BC4-7D25EBCD639B} = {84E7D8DA-6AEA-4385-B7BB-324506109838}
		{EB00B1C2-ADB3-4C21-921B-BE9009E05F87} = {E6FE13FB-9F07-4C19-951D-57A5161FAA0E}
		{01D40D80-F6DE-413B-BA02-140A955C7BC9} = {5941215B-0F76-48AD-90C3-CBAA1E6FE9BF}
		{E6FE13FB-9F07-4C19-951D-57A5161FAA0E} = {5941215B-0F76-48AD-90C3-CBAA1E6FE9BF}
		{84E7D8DA-6AEA-4385-B7BB-324506109838} = {5941215B-0F76-48AD-90C3-CBAA1E6FE9BF}
		{FCC2A04D-255D-49D3-B0BB-0234D636ECCC} = {5941215B-0F76-48AD-90C3-CBAA1E6FE9BF}
		{01F6873E-B18A-45E9-97C6-C42D9410E744} = {FCC2A04D-255D-49D3-B0BB-0234D636ECCC}
		{2FF3E9C1-6E95-47BA-B8BF-4C372F638981} = {A48946A9-B147-44ED-8358-B39FBBD783C7}
		{98EE2E27-5E4D-4C09-ACE9-B640790BBCE6} = {2FF3E9C1-6E95-47BA-B8BF-4C372F638981}
		{4F341476-BE4B-4170-A2E7-EBF80AAAF37C} = {2FF3E9C1-6E95-47BA-B8BF-4C372F638981}
		{30849F03-2FE7-4FEA-BEE0-32702CD12F9B} = {2FF3E9C1-6E95-47BA-B8BF-4C372F638981}
		{18FE123B-DD27-47E7-9BC9-394EF7409A19} = {2FF3E9C1-6E95-47BA-B8BF-4C372F638981}
		{0B4F7506-C198-49AE-A337-1740A95A4A81} = {2FF3E9C1-6E95-47BA-B8BF-4C372F638981}
		{39072591-446F-4D29-AB47-0BB64F49BB30} = {2FF3E9C1-6E95-47BA-B8BF-4C372F638981}
		{B4890908-EBA9-4AE3-9AC4-F9AC6ED7F8EC} = {2FF3E9C1-6E95-47BA-B8BF-4C372F638981}
		{E2CA8941-709B-40D5-9D8B-CEC7FADF239C} = {A48946A9-B147-44ED-8358-B39FBBD783C7}
		{2EB74EFC-4931-48AF-9843-AE8031786554} = {FCD58B1E-AB7E-43E3-8B55-C7AA38411D85}
		{FCD58B1E-AB7E-43E3-8B55-C7AA38411D85} = {E2CA8941-709B-40D5-9D8B-CEC7FADF239C}
		{7449F41E-5E21-4313-93BF-93431307B684} = {E2CA8941-709B-40D5-9D8B-CEC7FADF239C}
		{DCA77D5C-8278-44C7-BBE2-DBF3947B1DBF} = {E2CA8941-709B-40D5-9D8B-CEC7FADF239C}
		{0C80FD8E-023C-4D18-AE5B-DAFF9545ED3E} = {E2CA8941-709B-40D5-9D8B-CEC7FADF239C}
		{01324DBC-9130-4A21-AB2E-709665323BBB} = {7449F41E-5E21-4313-93BF-93431307B684}
		{BC40B7FA-7D9B-4D35-AABE-2B23775E3144} = {7449F41E-5E21-4313-93BF-93431307B684}
		{99445004-1124-4DD5-9AF2-1E20F10A872F} = {DCA77D5C-8278-44C7-BBE2-DBF3947B1DBF}
		{CA265DBF-2B1B-440C-B033-C37E5A9A0B9E} = {DCA77D5C-8278-44C7-BBE2-DBF3947B1DBF}
		{407A3E9B-4D81-4DD3-9B72-C547C1A8C6AC} = {0C80FD8E-023C-4D18-AE5B-DAFF9545ED3E}
		{4D2B6820-00C6-49F7-96F1-03D676A86AC0} = {DCA77D5C-8278-44C7-BBE2-DBF3947B1DBF}
		{13DBD7FD-862B-4D2C-98F5-F66AC75B212B} = {CE674F4B-5C29-4DC6-9DE8-6BAFBBEB6F71}
		{2C88E047-D764-494E-98E4-ABFD8CE54001} = {CE674F4B-5C29-4DC6-9DE8-6BAFBBEB6F71}
		{6D9080D9-2F2A-481D-91C3-F0C3968BC188} = {0168B157-CF7D-4A00-9C4E-29FD5C99EC0D}
		{773D4FD4-7650-498E-B190-5F0FA0C53D10} = {0168B157-CF7D-4A00-9C4E-29FD5C99EC0D}
		{A9312C56-2C82-40BE-A9FA-30E49CBC4C5A} = {0168B157-CF7D-4A00-9C4E-29FD5C99EC0D}
		{51F0A7EA-3262-4AF9-B1D3-782CE3E03A98} = {0168B157-CF7D-4A00-9C4E-29FD5C99EC0D}
		{29FC6650-C802-4649-B30C-6786A610C72F} = {0168B157-CF7D-4A00-9C4E-29FD5C99EC0D}
	EndGlobalSection
	GlobalSection(ExtensibilityGlobals) = postSolution
		SolutionGuid = {7C1D4F84-3137-48AB-864E-FEBD1454E847}
	EndGlobalSection
EndGlobal
